
Microsoft Visual Studio Solution File, Format Version 12.00
# Visual Studio Version 16
VisualStudioVersion = 16.0.30907.101
MinimumVisualStudioVersion = 10.0.40219.1
Project("{FAE04EC0-301F-11D3-BF4B-00C04F79EFBC}") = "NguyenDinhMinh_Bigschool", "NguyenDinhMinh_Bigschool.csproj", "{CD8FBCB2-D357-415F-977A-459B62EF510F}"
EndProject
Global
	GlobalSection(SolutionConfigurationPlatforms) = preSolution
		Debug|Any CPU = Debug|Any CPU
		Release|Any CPU = Release|Any CPU
	EndGlobalSection
	GlobalSection(ProjectConfigurationPlatforms) = postSolution
		{CD8FBCB2-D357-415F-977A-459B62EF510F}.Debug|Any CPU.ActiveCfg = Debug|Any CPU
		{CD8FBCB2-D357-415F-977A-459B62EF510F}.Debug|Any CPU.Build.0 = Debug|Any CPU
		{CD8FBCB2-D357-415F-977A-459B62EF510F}.Release|Any CPU.ActiveCfg = Release|Any CPU
		{CD8FBCB2-D357-415F-977A-459B62EF510F}.Release|Any CPU.Build.0 = Release|Any CPU
	EndGlobalSection
	GlobalSection(SolutionProperties) = preSolution
		HideSolutionNode = FALSE
	EndGlobalSection
	GlobalSection(ExtensibilityGlobals) = postSolution
		SolutionGuid = {BFB07EAA-AB35-4921-A1E8-BCE11116204B}
	EndGlobalSection
EndGlobal
